
Microsoft Visual Studio Solution File, Format Version 12.00
# Visual Studio 2012
Project("{FAE04EC0-301F-11D3-BF4B-00C04F79EFBC}") = "Example01", "Example01\Example01.csproj", "{E01B489E-13F0-4A31-9637-63C93811382D}"
EndProject
Project("{FAE04EC0-301F-11D3-BF4B-00C04F79EFBC}") = "StrategyPatternHW", "StrategyPatternHW\StrategyPatternHW.csproj", "{BE842770-90FF-4E68-8BBF-25D097517241}"
EndProject
Project("{FAE04EC0-301F-11D3-BF4B-00C04F79EFBC}") = "StrategyPatternHW_Discount", "StrategyPatternHW_Discount\StrategyPatternHW_Discount.csproj", "{29BE0730-DE0F-457F-8BBD-522E8C68B9D1}"
EndProject
Project("{FAE04EC0-301F-11D3-BF4B-00C04F79EFBC}") = "Common", "Common\Common.csproj", "{F2AAEC82-12FB-4413-BE4C-835A382D4063}"
EndProject
Global
	GlobalSection(SolutionConfigurationPlatforms) = preSolution
		Debug|Any CPU = Debug|Any CPU
		Release|Any CPU = Release|Any CPU
	EndGlobalSection
	GlobalSection(ProjectConfigurationPlatforms) = postSolution
		{E01B489E-13F0-4A31-9637-63C93811382D}.Debug|Any CPU.ActiveCfg = Debug|Any CPU
		{E01B489E-13F0-4A31-9637-63C93811382D}.Debug|Any CPU.Build.0 = Debug|Any CPU
		{E01B489E-13F0-4A31-9637-63C93811382D}.Release|Any CPU.ActiveCfg = Release|Any CPU
		{E01B489E-13F0-4A31-9637-63C93811382D}.Release|Any CPU.Build.0 = Release|Any CPU
		{BE842770-90FF-4E68-8BBF-25D097517241}.Debug|Any CPU.ActiveCfg = Debug|Any CPU
		{BE842770-90FF-4E68-8BBF-25D097517241}.Debug|Any CPU.Build.0 = Debug|Any CPU
		{BE842770-90FF-4E68-8BBF-25D097517241}.Release|Any CPU.ActiveCfg = Release|Any CPU
		{BE842770-90FF-4E68-8BBF-25D097517241}.Release|Any CPU.Build.0 = Release|Any CPU
		{29BE0730-DE0F-457F-8BBD-522E8C68B9D1}.Debug|Any CPU.ActiveCfg = Debug|Any CPU
		{29BE0730-DE0F-457F-8BBD-522E8C68B9D1}.Debug|Any CPU.Build.0 = Debug|Any CPU
		{29BE0730-DE0F-457F-8BBD-522E8C68B9D1}.Release|Any CPU.ActiveCfg = Release|Any CPU
		{29BE0730-DE0F-457F-8BBD-522E8C68B9D1}.Release|Any CPU.Build.0 = Release|Any CPU
		{F2AAEC82-12FB-4413-BE4C-835A382D4063}.Debug|Any CPU.ActiveCfg = Debug|Any CPU
		{F2AAEC82-12FB-4413-BE4C-835A382D4063}.Debug|Any CPU.Build.0 = Debug|Any CPU
		{F2AAEC82-12FB-4413-BE4C-835A382D4063}.Release|Any CPU.ActiveCfg = Release|Any CPU
		{F2AAEC82-12FB-4413-BE4C-835A382D4063}.Release|Any CPU.Build.0 = Release|Any CPU
	EndGlobalSection
	GlobalSection(SolutionProperties) = preSolution
		HideSolutionNode = FALSE
	EndGlobalSection
EndGlobal
